// !$*UTF8*$!
{
	archiveVersion = 1;
	classes = {
	};
	objectVersion = 48;
	objects = {

/* Begin PBXBuildFile section */
		860CAD7E1F94838D0039CE3E /* AppDelegate.swift in Sources */ = {isa = PBXBuildFile; fileRef = 860CAD7D1F94838D0039CE3E /* AppDelegate.swift */; };
		860CAD801F94838D0039CE3E /* ViewController.swift in Sources */ = {isa = PBXBuildFile; fileRef = 860CAD7F1F94838D0039CE3E /* ViewController.swift */; };
		860CAD831F94838D0039CE3E /* Main.storyboard in Resources */ = {isa = PBXBuildFile; fileRef = 860CAD811F94838D0039CE3E /* Main.storyboard */; };
		860CAD851F94838D0039CE3E /* Assets.xcassets in Resources */ = {isa = PBXBuildFile; fileRef = 860CAD841F94838D0039CE3E /* Assets.xcassets */; };
		860CAD881F94838D0039CE3E /* LaunchScreen.storyboard in Resources */ = {isa = PBXBuildFile; fileRef = 860CAD861F94838D0039CE3E /* LaunchScreen.storyboard */; };
		860CAD931F94838D0039CE3E /* MultipleStoryBoardTests.swift in Sources */ = {isa = PBXBuildFile; fileRef = 860CAD921F94838D0039CE3E /* MultipleStoryBoardTests.swift */; };
		860CAD9E1F94838D0039CE3E /* MultipleStoryBoardUITests.swift in Sources */ = {isa = PBXBuildFile; fileRef = 860CAD9D1F94838D0039CE3E /* MultipleStoryBoardUITests.swift */; };
		860CADAC1F9487950039CE3E /* Login.storyboard in Resources */ = {isa = PBXBuildFile; fileRef = 860CADAB1F9487950039CE3E /* Login.storyboard */; };
		860CADAE1F9487AD0039CE3E /* Home.storyboard in Resources */ = {isa = PBXBuildFile; fileRef = 860CADAD1F9487AD0039CE3E /* Home.storyboard */; };
		860CADB01F9487BD0039CE3E /* Settings.storyboard in Resources */ = {isa = PBXBuildFile; fileRef = 860CADAF1F9487BD0039CE3E /* Settings.storyboard */; };
		860CADB21F948A4D0039CE3E /* LoginViewController.swift in Sources */ = {isa = PBXBuildFile; fileRef = 860CADB11F948A4D0039CE3E /* LoginViewController.swift */; };
		860CADB41F948A5B0039CE3E /* RegisterViewController.swift in Sources */ = {isa = PBXBuildFile; fileRef = 860CADB31F948A5B0039CE3E /* RegisterViewController.swift */; };
		860CADB61F948A6B0039CE3E /* ForgotPasswordViewController.swift in Sources */ = {isa = PBXBuildFile; fileRef = 860CADB51F948A6B0039CE3E /* ForgotPasswordViewController.swift */; };
		860CADB81F948A820039CE3E /* LoginDashBoardViewController.swift in Sources */ = {isa = PBXBuildFile; fileRef = 860CADB71F948A820039CE3E /* LoginDashBoardViewController.swift */; };
		860CADBB1F948D170039CE3E /* HomeViewController.swift in Sources */ = {isa = PBXBuildFile; fileRef = 860CADBA1F948D170039CE3E /* HomeViewController.swift */; };
		860CADBD1F948D230039CE3E /* SettingsViewController.swift in Sources */ = {isa = PBXBuildFile; fileRef = 860CADBC1F948D230039CE3E /* SettingsViewController.swift */; };
		860CADC11F94945C0039CE3E /* AppStoryBoard.swift in Sources */ = {isa = PBXBuildFile; fileRef = 860CADC01F94945C0039CE3E /* AppStoryBoard.swift */; };
		865341421F9761A300669E2E /* TabBarController.swift in Sources */ = {isa = PBXBuildFile; fileRef = 865341411F9761A300669E2E /* TabBarController.swift */; };
		865341441F9763E200669E2E /* MyNetworkViewController.swift in Sources */ = {isa = PBXBuildFile; fileRef = 865341431F9763E200669E2E /* MyNetworkViewController.swift */; };
		865341461F9763F200669E2E /* JobViewController.swift in Sources */ = {isa = PBXBuildFile; fileRef = 865341451F9763F200669E2E /* JobViewController.swift */; };
		865341481F97640600669E2E /* MessagesViewController.swift in Sources */ = {isa = PBXBuildFile; fileRef = 865341471F97640600669E2E /* MessagesViewController.swift */; };
		8653414A1F97641900669E2E /* NotificationViewController.swift in Sources */ = {isa = PBXBuildFile; fileRef = 865341491F97641900669E2E /* NotificationViewController.swift */; };
		8653414C1F97682100669E2E /* Profile.storyboard in Resources */ = {isa = PBXBuildFile; fileRef = 8653414B1F97682100669E2E /* Profile.storyboard */; };
		8653414E1F97683C00669E2E /* ProfileViewController.swift in Sources */ = {isa = PBXBuildFile; fileRef = 8653414D1F97683C00669E2E /* ProfileViewController.swift */; };
		865341511F977DA900669E2E /* CustomNavigation.swift in Sources */ = {isa = PBXBuildFile; fileRef = 865341501F977DA900669E2E /* CustomNavigation.swift */; };
/* End PBXBuildFile section */

/* Begin PBXContainerItemProxy section */
		860CAD8F1F94838D0039CE3E /* PBXContainerItemProxy */ = {
			isa = PBXContainerItemProxy;
			containerPortal = 860CAD721F94838D0039CE3E /* Project object */;
			proxyType = 1;
			remoteGlobalIDString = 860CAD791F94838D0039CE3E;
			remoteInfo = MultipleStoryBoard;
		};
		860CAD9A1F94838D0039CE3E /* PBXContainerItemProxy */ = {
			isa = PBXContainerItemProxy;
			containerPortal = 860CAD721F94838D0039CE3E /* Project object */;
			proxyType = 1;
			remoteGlobalIDString = 860CAD791F94838D0039CE3E;
			remoteInfo = MultipleStoryBoard;
		};
/* End PBXContainerItemProxy section */

/* Begin PBXFileReference section */
		860CAD7A1F94838D0039CE3E /* MultipleStoryBoard.app */ = {isa = PBXFileReference; explicitFileType = wrapper.application; includeInIndex = 0; path = MultipleStoryBoard.app; sourceTree = BUILT_PRODUCTS_DIR; };
		860CAD7D1F94838D0039CE3E /* AppDelegate.swift */ = {isa = PBXFileReference; lastKnownFileType = sourcecode.swift; path = AppDelegate.swift; sourceTree = "<group>"; };
		860CAD7F1F94838D0039CE3E /* ViewController.swift */ = {isa = PBXFileReference; lastKnownFileType = sourcecode.swift; path = ViewController.swift; sourceTree = "<group>"; };
		860CAD821F94838D0039CE3E /* Base */ = {isa = PBXFileReference; lastKnownFileType = file.storyboard; name = Base; path = Base.lproj/Main.storyboard; sourceTree = "<group>"; };
		860CAD841F94838D0039CE3E /* Assets.xcassets */ = {isa = PBXFileReference; lastKnownFileType = folder.assetcatalog; path = Assets.xcassets; sourceTree = "<group>"; };
		860CAD871F94838D0039CE3E /* Base */ = {isa = PBXFileReference; lastKnownFileType = file.storyboard; name = Base; path = Base.lproj/LaunchScreen.storyboard; sourceTree = "<group>"; };
		860CAD891F94838D0039CE3E /* Info.plist */ = {isa = PBXFileReference; lastKnownFileType = text.plist.xml; path = Info.plist; sourceTree = "<group>"; };
		860CAD8E1F94838D0039CE3E /* MultipleStoryBoardTests.xctest */ = {isa = PBXFileReference; explicitFileType = wrapper.cfbundle; includeInIndex = 0; path = MultipleStoryBoardTests.xctest; sourceTree = BUILT_PRODUCTS_DIR; };
		860CAD921F94838D0039CE3E /* MultipleStoryBoardTests.swift */ = {isa = PBXFileReference; lastKnownFileType = sourcecode.swift; path = MultipleStoryBoardTests.swift; sourceTree = "<group>"; };
		860CAD941F94838D0039CE3E /* Info.plist */ = {isa = PBXFileReference; lastKnownFileType = text.plist.xml; path = Info.plist; sourceTree = "<group>"; };
		860CAD991F94838D0039CE3E /* MultipleStoryBoardUITests.xctest */ = {isa = PBXFileReference; explicitFileType = wrapper.cfbundle; includeInIndex = 0; path = MultipleStoryBoardUITests.xctest; sourceTree = BUILT_PRODUCTS_DIR; };
		860CAD9D1F94838D0039CE3E /* MultipleStoryBoardUITests.swift */ = {isa = PBXFileReference; lastKnownFileType = sourcecode.swift; path = MultipleStoryBoardUITests.swift; sourceTree = "<group>"; };
		860CAD9F1F94838D0039CE3E /* Info.plist */ = {isa = PBXFileReference; lastKnownFileType = text.plist.xml; path = Info.plist; sourceTree = "<group>"; };
		860CADAB1F9487950039CE3E /* Login.storyboard */ = {isa = PBXFileReference; lastKnownFileType = file.storyboard; path = Login.storyboard; sourceTree = "<group>"; };
		860CADAD1F9487AD0039CE3E /* Home.storyboard */ = {isa = PBXFileReference; lastKnownFileType = file.storyboard; path = Home.storyboard; sourceTree = "<group>"; };
		860CADAF1F9487BD0039CE3E /* Settings.storyboard */ = {isa = PBXFileReference; lastKnownFileType = file.storyboard; path = Settings.storyboard; sourceTree = "<group>"; };
		860CADB11F948A4D0039CE3E /* LoginViewController.swift */ = {isa = PBXFileReference; lastKnownFileType = sourcecode.swift; path = LoginViewController.swift; sourceTree = "<group>"; };
		860CADB31F948A5B0039CE3E /* RegisterViewController.swift */ = {isa = PBXFileReference; lastKnownFileType = sourcecode.swift; path = RegisterViewController.swift; sourceTree = "<group>"; };
		860CADB51F948A6B0039CE3E /* ForgotPasswordViewController.swift */ = {isa = PBXFileReference; lastKnownFileType = sourcecode.swift; path = ForgotPasswordViewController.swift; sourceTree = "<group>"; };
		860CADB71F948A820039CE3E /* LoginDashBoardViewController.swift */ = {isa = PBXFileReference; lastKnownFileType = sourcecode.swift; path = LoginDashBoardViewController.swift; sourceTree = "<group>"; };
		860CADBA1F948D170039CE3E /* HomeViewController.swift */ = {isa = PBXFileReference; lastKnownFileType = sourcecode.swift; path = HomeViewController.swift; sourceTree = "<group>"; };
		860CADBC1F948D230039CE3E /* SettingsViewController.swift */ = {isa = PBXFileReference; lastKnownFileType = sourcecode.swift; path = SettingsViewController.swift; sourceTree = "<group>"; };
		860CADC01F94945C0039CE3E /* AppStoryBoard.swift */ = {isa = PBXFileReference; lastKnownFileType = sourcecode.swift; path = AppStoryBoard.swift; sourceTree = "<group>"; };
		865341411F9761A300669E2E /* TabBarController.swift */ = {isa = PBXFileReference; lastKnownFileType = sourcecode.swift; path = TabBarController.swift; sourceTree = "<group>"; };
		865341431F9763E200669E2E /* MyNetworkViewController.swift */ = {isa = PBXFileReference; lastKnownFileType = sourcecode.swift; path = MyNetworkViewController.swift; sourceTree = "<group>"; };
		865341451F9763F200669E2E /* JobViewController.swift */ = {isa = PBXFileReference; lastKnownFileType = sourcecode.swift; path = JobViewController.swift; sourceTree = "<group>"; };
		865341471F97640600669E2E /* MessagesViewController.swift */ = {isa = PBXFileReference; lastKnownFileType = sourcecode.swift; path = MessagesViewController.swift; sourceTree = "<group>"; };
		865341491F97641900669E2E /* NotificationViewController.swift */ = {isa = PBXFileReference; lastKnownFileType = sourcecode.swift; path = NotificationViewController.swift; sourceTree = "<group>"; };
		8653414B1F97682100669E2E /* Profile.storyboard */ = {isa = PBXFileReference; lastKnownFileType = file.storyboard; path = Profile.storyboard; sourceTree = "<group>"; };
		8653414D1F97683C00669E2E /* ProfileViewController.swift */ = {isa = PBXFileReference; lastKnownFileType = sourcecode.swift; path = ProfileViewController.swift; sourceTree = "<group>"; };
		865341501F977DA900669E2E /* CustomNavigation.swift */ = {isa = PBXFileReference; lastKnownFileType = sourcecode.swift; path = CustomNavigation.swift; sourceTree = "<group>"; };
/* End PBXFileReference section */

/* Begin PBXFrameworksBuildPhase section */
		860CAD771F94838D0039CE3E /* Frameworks */ = {
			isa = PBXFrameworksBuildPhase;
			buildActionMask = 2147483647;
			files = (
			);
			runOnlyForDeploymentPostprocessing = 0;
		};
		860CAD8B1F94838D0039CE3E /* Frameworks */ = {
			isa = PBXFrameworksBuildPhase;
			buildActionMask = 2147483647;
			files = (
			);
			runOnlyForDeploymentPostprocessing = 0;
		};
		860CAD961F94838D0039CE3E /* Frameworks */ = {
			isa = PBXFrameworksBuildPhase;
			buildActionMask = 2147483647;
			files = (
			);
			runOnlyForDeploymentPostprocessing = 0;
		};
/* End PBXFrameworksBuildPhase section */

/* Begin PBXGroup section */
		860CAD711F94838D0039CE3E = {
			isa = PBXGroup;
			children = (
				860CAD7C1F94838D0039CE3E /* MultipleStoryBoard */,
				860CAD911F94838D0039CE3E /* MultipleStoryBoardTests */,
				860CAD9C1F94838D0039CE3E /* MultipleStoryBoardUITests */,
				860CAD7B1F94838D0039CE3E /* Products */,
			);
			sourceTree = "<group>";
		};
		860CAD7B1F94838D0039CE3E /* Products */ = {
			isa = PBXGroup;
			children = (
				860CAD7A1F94838D0039CE3E /* MultipleStoryBoard.app */,
				860CAD8E1F94838D0039CE3E /* MultipleStoryBoardTests.xctest */,
				860CAD991F94838D0039CE3E /* MultipleStoryBoardUITests.xctest */,
			);
			name = Products;
			sourceTree = "<group>";
		};
		860CAD7C1F94838D0039CE3E /* MultipleStoryBoard */ = {
			isa = PBXGroup;
			children = (
				860CAD811F94838D0039CE3E /* Main.storyboard */,
				860CADC01F94945C0039CE3E /* AppStoryBoard.swift */,
				860CAD7D1F94838D0039CE3E /* AppDelegate.swift */,
				860CAD7F1F94838D0039CE3E /* ViewController.swift */,
				865341501F977DA900669E2E /* CustomNavigation.swift */,
				8653414F1F97695F00669E2E /* Profile */,
				860CADB91F948A8A0039CE3E /* Login */,
				860CADBE1F948D320039CE3E /* Home */,
				860CADBF1F948D3D0039CE3E /* Settings */,
				860CAD841F94838D0039CE3E /* Assets.xcassets */,
				860CAD861F94838D0039CE3E /* LaunchScreen.storyboard */,
				860CAD891F94838D0039CE3E /* Info.plist */,
			);
			path = MultipleStoryBoard;
			sourceTree = "<group>";
		};
		860CAD911F94838D0039CE3E /* MultipleStoryBoardTests */ = {
			isa = PBXGroup;
			children = (
				860CAD921F94838D0039CE3E /* MultipleStoryBoardTests.swift */,
				860CAD941F94838D0039CE3E /* Info.plist */,
			);
			path = MultipleStoryBoardTests;
			sourceTree = "<group>";
		};
		860CAD9C1F94838D0039CE3E /* MultipleStoryBoardUITests */ = {
			isa = PBXGroup;
			children = (
				860CAD9D1F94838D0039CE3E /* MultipleStoryBoardUITests.swift */,
				860CAD9F1F94838D0039CE3E /* Info.plist */,
			);
			path = MultipleStoryBoardUITests;
			sourceTree = "<group>";
		};
		860CADB91F948A8A0039CE3E /* Login */ = {
			isa = PBXGroup;
			children = (
				860CADB11F948A4D0039CE3E /* LoginViewController.swift */,
				860CADB31F948A5B0039CE3E /* RegisterViewController.swift */,
				860CADB51F948A6B0039CE3E /* ForgotPasswordViewController.swift */,
				860CADB71F948A820039CE3E /* LoginDashBoardViewController.swift */,
				860CADAB1F9487950039CE3E /* Login.storyboard */,
			);
			path = Login;
			sourceTree = "<group>";
		};
		860CADBE1F948D320039CE3E /* Home */ = {
			isa = PBXGroup;
			children = (
				860CADAD1F9487AD0039CE3E /* Home.storyboard */,
				860CADBA1F948D170039CE3E /* HomeViewController.swift */,
				865341411F9761A300669E2E /* TabBarController.swift */,
				865341431F9763E200669E2E /* MyNetworkViewController.swift */,
				865341451F9763F200669E2E /* JobViewController.swift */,
				865341471F97640600669E2E /* MessagesViewController.swift */,
				865341491F97641900669E2E /* NotificationViewController.swift */,
			);
			path = Home;
			sourceTree = "<group>";
		};
		860CADBF1F948D3D0039CE3E /* Settings */ = {
			isa = PBXGroup;
			children = (
				860CADAF1F9487BD0039CE3E /* Settings.storyboard */,
				860CADBC1F948D230039CE3E /* SettingsViewController.swift */,
			);
			path = Settings;
			sourceTree = "<group>";
		};
		8653414F1F97695F00669E2E /* Profile */ = {
			isa = PBXGroup;
			children = (
				8653414B1F97682100669E2E /* Profile.storyboard */,
				8653414D1F97683C00669E2E /* ProfileViewController.swift */,
			);
			path = Profile;
			sourceTree = "<group>";
		};
/* End PBXGroup section */

/* Begin PBXNativeTarget section */
		860CAD791F94838D0039CE3E /* MultipleStoryBoard */ = {
			isa = PBXNativeTarget;
			buildConfigurationList = 860CADA21F94838D0039CE3E /* Build configuration list for PBXNativeTarget "MultipleStoryBoard" */;
			buildPhases = (
				860CAD761F94838D0039CE3E /* Sources */,
				860CAD771F94838D0039CE3E /* Frameworks */,
				860CAD781F94838D0039CE3E /* Resources */,
			);
			buildRules = (
			);
			dependencies = (
			);
			name = MultipleStoryBoard;
			productName = MultipleStoryBoard;
			productReference = 860CAD7A1F94838D0039CE3E /* MultipleStoryBoard.app */;
			productType = "com.apple.product-type.application";
		};
		860CAD8D1F94838D0039CE3E /* MultipleStoryBoardTests */ = {
			isa = PBXNativeTarget;
			buildConfigurationList = 860CADA51F94838D0039CE3E /* Build configuration list for PBXNativeTarget "MultipleStoryBoardTests" */;
			buildPhases = (
				860CAD8A1F94838D0039CE3E /* Sources */,
				860CAD8B1F94838D0039CE3E /* Frameworks */,
				860CAD8C1F94838D0039CE3E /* Resources */,
			);
			buildRules = (
			);
			dependencies = (
				860CAD901F94838D0039CE3E /* PBXTargetDependency */,
			);
			name = MultipleStoryBoardTests;
			productName = MultipleStoryBoardTests;
			productReference = 860CAD8E1F94838D0039CE3E /* MultipleStoryBoardTests.xctest */;
			productType = "com.apple.product-type.bundle.unit-test";
		};
		860CAD981F94838D0039CE3E /* MultipleStoryBoardUITests */ = {
			isa = PBXNativeTarget;
			buildConfigurationList = 860CADA81F94838D0039CE3E /* Build configuration list for PBXNativeTarget "MultipleStoryBoardUITests" */;
			buildPhases = (
				860CAD951F94838D0039CE3E /* Sources */,
				860CAD961F94838D0039CE3E /* Frameworks */,
				860CAD971F94838D0039CE3E /* Resources */,
			);
			buildRules = (
			);
			dependencies = (
				860CAD9B1F94838D0039CE3E /* PBXTargetDependency */,
			);
			name = MultipleStoryBoardUITests;
			productName = MultipleStoryBoardUITests;
			productReference = 860CAD991F94838D0039CE3E /* MultipleStoryBoardUITests.xctest */;
			productType = "com.apple.product-type.bundle.ui-testing";
		};
/* End PBXNativeTarget section */

/* Begin PBXProject section */
		860CAD721F94838D0039CE3E /* Project object */ = {
			isa = PBXProject;
			attributes = {
				LastSwiftUpdateCheck = 0900;
				LastUpgradeCheck = 0900;
				ORGANIZATIONNAME = "saurabh suman";
				TargetAttributes = {
					860CAD791F94838D0039CE3E = {
						CreatedOnToolsVersion = 9.0;
						ProvisioningStyle = Automatic;
					};
					860CAD8D1F94838D0039CE3E = {
						CreatedOnToolsVersion = 9.0;
						ProvisioningStyle = Automatic;
						TestTargetID = 860CAD791F94838D0039CE3E;
					};
					860CAD981F94838D0039CE3E = {
						CreatedOnToolsVersion = 9.0;
						ProvisioningStyle = Automatic;
						TestTargetID = 860CAD791F94838D0039CE3E;
					};
				};
			};
			buildConfigurationList = 860CAD751F94838D0039CE3E /* Build configuration list for PBXProject "MultipleStoryBoard" */;
			compatibilityVersion = "Xcode 8.0";
			developmentRegion = en;
			hasScannedForEncodings = 0;
			knownRegions = (
				en,
				Base,
			);
			mainGroup = 860CAD711F94838D0039CE3E;
			productRefGroup = 860CAD7B1F94838D0039CE3E /* Products */;
			projectDirPath = "";
			projectRoot = "";
			targets = (
				860CAD791F94838D0039CE3E /* MultipleStoryBoard */,
				860CAD8D1F94838D0039CE3E /* MultipleStoryBoardTests */,
				860CAD981F94838D0039CE3E /* MultipleStoryBoardUITests */,
			);
		};
/* End PBXProject section */

/* Begin PBXResourcesBuildPhase section */
		860CAD781F94838D0039CE3E /* Resources */ = {
			isa = PBXResourcesBuildPhase;
			buildActionMask = 2147483647;
			files = (
				860CADAC1F9487950039CE3E /* Login.storyboard in Resources */,
				860CADAE1F9487AD0039CE3E /* Home.storyboard in Resources */,
				860CAD881F94838D0039CE3E /* LaunchScreen.storyboard in Resources */,
				860CADB01F9487BD0039CE3E /* Settings.storyboard in Resources */,
				860CAD851F94838D0039CE3E /* Assets.xcassets in Resources */,
				8653414C1F97682100669E2E /* Profile.storyboard in Resources */,
				860CAD831F94838D0039CE3E /* Main.storyboard in Resources */,
			);
			runOnlyForDeploymentPostprocessing = 0;
		};
		860CAD8C1F94838D0039CE3E /* Resources */ = {
			isa = PBXResourcesBuildPhase;
			buildActionMask = 2147483647;
			files = (
			);
			runOnlyForDeploymentPostprocessing = 0;
		};
		860CAD971F94838D0039CE3E /* Resources */ = {
			isa = PBXResourcesBuildPhase;
			buildActionMask = 2147483647;
			files = (
			);
			runOnlyForDeploymentPostprocessing = 0;
		};
/* End PBXResourcesBuildPhase section */

/* Begin PBXSourcesBuildPhase section */
		860CAD761F94838D0039CE3E /* Sources */ = {
			isa = PBXSourcesBuildPhase;
			buildActionMask = 2147483647;
			files = (
				860CADB21F948A4D0039CE3E /* LoginViewController.swift in Sources */,
				860CADC11F94945C0039CE3E /* AppStoryBoard.swift in Sources */,
				865341481F97640600669E2E /* MessagesViewController.swift in Sources */,
				860CADB81F948A820039CE3E /* LoginDashBoardViewController.swift in Sources */,
				865341421F9761A300669E2E /* TabBarController.swift in Sources */,
				860CADB61F948A6B0039CE3E /* ForgotPasswordViewController.swift in Sources */,
				860CAD801F94838D0039CE3E /* ViewController.swift in Sources */,
				860CAD7E1F94838D0039CE3E /* AppDelegate.swift in Sources */,
				860CADBB1F948D170039CE3E /* HomeViewController.swift in Sources */,
				865341461F9763F200669E2E /* JobViewController.swift in Sources */,
				8653414A1F97641900669E2E /* NotificationViewController.swift in Sources */,
				860CADB41F948A5B0039CE3E /* RegisterViewController.swift in Sources */,
				865341511F977DA900669E2E /* CustomNavigation.swift in Sources */,
				8653414E1F97683C00669E2E /* ProfileViewController.swift in Sources */,
				865341441F9763E200669E2E /* MyNetworkViewController.swift in Sources */,
				860CADBD1F948D230039CE3E /* SettingsViewController.swift in Sources */,
			);
			runOnlyForDeploymentPostprocessing = 0;
		};
		860CAD8A1F94838D0039CE3E /* Sources */ = {
			isa = PBXSourcesBuildPhase;
			buildActionMask = 2147483647;
			files = (
				860CAD931F94838D0039CE3E /* MultipleStoryBoardTests.swift in Sources */,
			);
			runOnlyForDeploymentPostprocessing = 0;
		};
		860CAD951F94838D0039CE3E /* Sources */ = {
			isa = PBXSourcesBuildPhase;
			buildActionMask = 2147483647;
			files = (
				860CAD9E1F94838D0039CE3E /* MultipleStoryBoardUITests.swift in Sources */,
			);
			runOnlyForDeploymentPostprocessing = 0;
		};
/* End PBXSourcesBuildPhase section */

/* Begin PBXTargetDependency section */
		860CAD901F94838D0039CE3E /* PBXTargetDependency */ = {
			isa = PBXTargetDependency;
			target = 860CAD791F94838D0039CE3E /* MultipleStoryBoard */;
			targetProxy = 860CAD8F1F94838D0039CE3E /* PBXContainerItemProxy */;
		};
		860CAD9B1F94838D0039CE3E /* PBXTargetDependency */ = {
			isa = PBXTargetDependency;
			target = 860CAD791F94838D0039CE3E /* MultipleStoryBoard */;
			targetProxy = 860CAD9A1F94838D0039CE3E /* PBXContainerItemProxy */;
		};
/* End PBXTargetDependency section */

/* Begin PBXVariantGroup section */
		860CAD811F94838D0039CE3E /* Main.storyboard */ = {
			isa = PBXVariantGroup;
			children = (
				860CAD821F94838D0039CE3E /* Base */,
			);
			name = Main.storyboard;
			sourceTree = "<group>";
		};
		860CAD861F94838D0039CE3E /* LaunchScreen.storyboard */ = {
			isa = PBXVariantGroup;
			children = (
				860CAD871F94838D0039CE3E /* Base */,
			);
			name = LaunchScreen.storyboard;
			sourceTree = "<group>";
		};
/* End PBXVariantGroup section */

/* Begin XCBuildConfiguration section */
		860CADA01F94838D0039CE3E /* Debug */ = {
			isa = XCBuildConfiguration;
			buildSettings = {
				ALWAYS_SEARCH_USER_PATHS = NO;
				CLANG_ANALYZER_NONNULL = YES;
				CLANG_ANALYZER_NUMBER_OBJECT_CONVERSION = YES_AGGRESSIVE;
				CLANG_CXX_LANGUAGE_STANDARD = "gnu++14";
				CLANG_CXX_LIBRARY = "libc++";
				CLANG_ENABLE_MODULES = YES;
				CLANG_ENABLE_OBJC_ARC = YES;
				CLANG_WARN_BLOCK_CAPTURE_AUTORELEASING = YES;
				CLANG_WARN_BOOL_CONVERSION = YES;
				CLANG_WARN_COMMA = YES;
				CLANG_WARN_CONSTANT_CONVERSION = YES;
				CLANG_WARN_DIRECT_OBJC_ISA_USAGE = YES_ERROR;
				CLANG_WARN_DOCUMENTATION_COMMENTS = YES;
				CLANG_WARN_EMPTY_BODY = YES;
				CLANG_WARN_ENUM_CONVERSION = YES;
				CLANG_WARN_INFINITE_RECURSION = YES;
				CLANG_WARN_INT_CONVERSION = YES;
				CLANG_WARN_NON_LITERAL_NULL_CONVERSION = YES;
				CLANG_WARN_OBJC_LITERAL_CONVERSION = YES;
				CLANG_WARN_OBJC_ROOT_CLASS = YES_ERROR;
				CLANG_WARN_RANGE_LOOP_ANALYSIS = YES;
				CLANG_WARN_STRICT_PROTOTYPES = YES;
				CLANG_WARN_SUSPICIOUS_MOVE = YES;
				CLANG_WARN_UNGUARDED_AVAILABILITY = YES_AGGRESSIVE;
				CLANG_WARN_UNREACHABLE_CODE = YES;
				CLANG_WARN__DUPLICATE_METHOD_MATCH = YES;
				CODE_SIGN_IDENTITY = "iPhone Developer";
				COPY_PHASE_STRIP = NO;
				DEBUG_INFORMATION_FORMAT = dwarf;
				ENABLE_STRICT_OBJC_MSGSEND = YES;
				ENABLE_TESTABILITY = YES;
				GCC_C_LANGUAGE_STANDARD = gnu11;
				GCC_DYNAMIC_NO_PIC = NO;
				GCC_NO_COMMON_BLOCKS = YES;
				GCC_OPTIMIZATION_LEVEL = 0;
				GCC_PREPROCESSOR_DEFINITIONS = (
					"DEBUG=1",
					"$(inherited)",
				);
				GCC_WARN_64_TO_32_BIT_CONVERSION = YES;
				GCC_WARN_ABOUT_RETURN_TYPE = YES_ERROR;
				GCC_WARN_UNDECLARED_SELECTOR = YES;
				GCC_WARN_UNINITIALIZED_AUTOS = YES_AGGRESSIVE;
				GCC_WARN_UNUSED_FUNCTION = YES;
				GCC_WARN_UNUSED_VARIABLE = YES;
				IPHONEOS_DEPLOYMENT_TARGET = 11.0;
				MTL_ENABLE_DEBUG_INFO = YES;
				ONLY_ACTIVE_ARCH = YES;
				SDKROOT = iphoneos;
				SWIFT_ACTIVE_COMPILATION_CONDITIONS = DEBUG;
				SWIFT_OPTIMIZATION_LEVEL = "-Onone";
			};
			name = Debug;
		};
		860CADA11F94838D0039CE3E /* Release */ = {
			isa = XCBuildConfiguration;
			buildSettings = {
				ALWAYS_SEARCH_USER_PATHS = NO;
				CLANG_ANALYZER_NONNULL = YES;
				CLANG_ANALYZER_NUMBER_OBJECT_CONVERSION = YES_AGGRESSIVE;
				CLANG_CXX_LANGUAGE_STANDARD = "gnu++14";
				CLANG_CXX_LIBRARY = "libc++";
				CLANG_ENABLE_MODULES = YES;
				CLANG_ENABLE_OBJC_ARC = YES;
				CLANG_WARN_BLOCK_CAPTURE_AUTORELEASING = YES;
				CLANG_WARN_BOOL_CONVERSION = YES;
				CLANG_WARN_COMMA = YES;
				CLANG_WARN_CONSTANT_CONVERSION = YES;
				CLANG_WARN_DIRECT_OBJC_ISA_USAGE = YES_ERROR;
				CLANG_WARN_DOCUMENTATION_COMMENTS = YES;
				CLANG_WARN_EMPTY_BODY = YES;
				CLANG_WARN_ENUM_CONVERSION = YES;
				CLANG_WARN_INFINITE_RECURSION = YES;
				CLANG_WARN_INT_CONVERSION = YES;
				CLANG_WARN_NON_LITERAL_NULL_CONVERSION = YES;
				CLANG_WARN_OBJC_LITERAL_CONVERSION = YES;
				CLANG_WARN_OBJC_ROOT_CLASS = YES_ERROR;
				CLANG_WARN_RANGE_LOOP_ANALYSIS = YES;
				CLANG_WARN_STRICT_PROTOTYPES = YES;
				CLANG_WARN_SUSPICIOUS_MOVE = YES;
				CLANG_WARN_UNGUARDED_AVAILABILITY = YES_AGGRESSIVE;
				CLANG_WARN_UNREACHABLE_CODE = YES;
				CLANG_WARN__DUPLICATE_METHOD_MATCH = YES;
				CODE_SIGN_IDENTITY = "iPhone Developer";
				COPY_PHASE_STRIP = NO;
				DEBUG_INFORMATION_FORMAT = "dwarf-with-dsym";
				ENABLE_NS_ASSERTIONS = NO;
				ENABLE_STRICT_OBJC_MSGSEND = YES;
				GCC_C_LANGUAGE_STANDARD = gnu11;
				GCC_NO_COMMON_BLOCKS = YES;
				GCC_WARN_64_TO_32_BIT_CONVERSION = YES;
				GCC_WARN_ABOUT_RETURN_TYPE = YES_ERROR;
				GCC_WARN_UNDECLARED_SELECTOR = YES;
				GCC_WARN_UNINITIALIZED_AUTOS = YES_AGGRESSIVE;
				GCC_WARN_UNUSED_FUNCTION = YES;
				GCC_WARN_UNUSED_VARIABLE = YES;
				IPHONEOS_DEPLOYMENT_TARGET = 11.0;
				MTL_ENABLE_DEBUG_INFO = NO;
				SDKROOT = iphoneos;
				SWIFT_OPTIMIZATION_LEVEL = "-Owholemodule";
				VALIDATE_PRODUCT = YES;
			};
			name = Release;
		};
		860CADA31F94838D0039CE3E /* Debug */ = {
			isa = XCBuildConfiguration;
			buildSettings = {
				ASSETCATALOG_COMPILER_APPICON_NAME = AppIcon;
				CODE_SIGN_STYLE = Automatic;
				INFOPLIST_FILE = MultipleStoryBoard/Info.plist;
				LD_RUNPATH_SEARCH_PATHS = "$(inherited) @executable_path/Frameworks";
				PRODUCT_BUNDLE_IDENTIFIER = "saurabh-suman.MultipleStoryBoard";
				PRODUCT_NAME = "$(TARGET_NAME)";
				SWIFT_VERSION = 4.0;
				TARGETED_DEVICE_FAMILY = "1,2";
			};
			name = Debug;
		};
		860CADA41F94838D0039CE3E /* Release */ = {
			isa = XCBuildConfiguration;
			buildSettings = {
				ASSETCATALOG_COMPILER_APPICON_NAME = AppIcon;
				CODE_SIGN_STYLE = Automatic;
				INFOPLIST_FILE = MultipleStoryBoard/Info.plist;
				LD_RUNPATH_SEARCH_PATHS = "$(inherited) @executable_path/Frameworks";
				PRODUCT_BUNDLE_IDENTIFIER = "saurabh-suman.MultipleStoryBoard";
				PRODUCT_NAME = "$(TARGET_NAME)";
				SWIFT_VERSION = 4.0;
				TARGETED_DEVICE_FAMILY = "1,2";
			};
			name = Release;
		};
		860CADA61F94838D0039CE3E /* Debug */ = {
			isa = XCBuildConfiguration;
			buildSettings = {
				ALWAYS_EMBED_SWIFT_STANDARD_LIBRARIES = YES;
				BUNDLE_LOADER = "$(TEST_HOST)";
				CODE_SIGN_STYLE = Automatic;
				INFOPLIST_FILE = MultipleStoryBoardTests/Info.plist;
				LD_RUNPATH_SEARCH_PATHS = "$(inherited) @executable_path/Frameworks @loader_path/Frameworks";
				PRODUCT_BUNDLE_IDENTIFIER = "saurabh-suman.MultipleStoryBoardTests";
				PRODUCT_NAME = "$(TARGET_NAME)";
				SWIFT_VERSION = 4.0;
				TARGETED_DEVICE_FAMILY = "1,2";
				TEST_HOST = "$(BUILT_PRODUCTS_DIR)/MultipleStoryBoard.app/MultipleStoryBoard";
			};
			name = Debug;
		};
		860CADA71F94838D0039CE3E /* Release */ = {
			isa = XCBuildConfiguration;
			buildSettings = {
				ALWAYS_EMBED_SWIFT_STANDARD_LIBRARIES = YES;
				BUNDLE_LOADER = "$(TEST_HOST)";
				CODE_SIGN_STYLE = Automatic;
				INFOPLIST_FILE = MultipleStoryBoardTests/Info.plist;
				LD_RUNPATH_SEARCH_PATHS = "$(inherited) @executable_path/Frameworks @loader_path/Frameworks";
				PRODUCT_BUNDLE_IDENTIFIER = "saurabh-suman.MultipleStoryBoardTests";
				PRODUCT_NAME = "$(TARGET_NAME)";
				SWIFT_VERSION = 4.0;
				TARGETED_DEVICE_FAMILY = "1,2";
				TEST_HOST = "$(BUILT_PRODUCTS_DIR)/MultipleStoryBoard.app/MultipleStoryBoard";
			};
			name = Release;
		};
		860CADA91F94838D0039CE3E /* Debug */ = {
			isa = XCBuildConfiguration;
			buildSettings = {
				ALWAYS_EMBED_SWIFT_STANDARD_LIBRARIES = YES;
				CODE_SIGN_STYLE = Automatic;
				INFOPLIST_FILE = MultipleStoryBoardUITests/Info.plist;
				LD_RUNPATH_SEARCH_PATHS = "$(inherited) @executable_path/Frameworks @loader_path/Frameworks";
				PRODUCT_BUNDLE_IDENTIFIER = "saurabh-suman.MultipleStoryBoardUITests";
				PRODUCT_NAME = "$(TARGET_NAME)";
				SWIFT_VERSION = 4.0;
				TARGETED_DEVICE_FAMILY = "1,2";
				TEST_TARGET_NAME = MultipleStoryBoard;
			};
			name = Debug;
		};
		860CADAA1F94838D0039CE3E /* Release */ = {
			isa = XCBuildConfiguration;
			buildSettings = {
				ALWAYS_EMBED_SWIFT_STANDARD_LIBRARIES = YES;
				CODE_SIGN_STYLE = Automatic;
				INFOPLIST_FILE = MultipleStoryBoardUITests/Info.plist;
				LD_RUNPATH_SEARCH_PATHS = "$(inherited) @executable_path/Frameworks @loader_path/Frameworks";
				PRODUCT_BUNDLE_IDENTIFIER = "saurabh-suman.MultipleStoryBoardUITests";
				PRODUCT_NAME = "$(TARGET_NAME)";
				SWIFT_VERSION = 4.0;
				TARGETED_DEVICE_FAMILY = "1,2";
				TEST_TARGET_NAME = MultipleStoryBoard;
			};
			name = Release;
		};
/* End XCBuildConfiguration section */

/* Begin XCConfigurationList section */
		860CAD751F94838D0039CE3E /* Build configuration list for PBXProject "MultipleStoryBoard" */ = {
			isa = XCConfigurationList;
			buildConfigurations = (
				860CADA01F94838D0039CE3E /* Debug */,
				860CADA11F94838D0039CE3E /* Release */,
			);
			defaultConfigurationIsVisible = 0;
			defaultConfigurationName = Release;
		};
		860CADA21F94838D0039CE3E /* Build configuration list for PBXNativeTarget "MultipleStoryBoard" */ = {
			isa = XCConfigurationList;
			buildConfigurations = (
				860CADA31F94838D0039CE3E /* Debug */,
				860CADA41F94838D0039CE3E /* Release */,
			);
			defaultConfigurationIsVisible = 0;
			defaultConfigurationName = Release;
		};
		860CADA51F94838D0039CE3E /* Build configuration list for PBXNativeTarget "MultipleStoryBoardTests" */ = {
			isa = XCConfigurationList;
			buildConfigurations = (
				860CADA61F94838D0039CE3E /* Debug */,
				860CADA71F94838D0039CE3E /* Release */,
			);
			defaultConfigurationIsVisible = 0;
			defaultConfigurationName = Release;
		};
		860CADA81F94838D0039CE3E /* Build configuration list for PBXNativeTarget "MultipleStoryBoardUITests" */ = {
			isa = XCConfigurationList;
			buildConfigurations = (
				860CADA91F94838D0039CE3E /* Debug */,
				860CADAA1F94838D0039CE3E /* Release */,
			);
			defaultConfigurationIsVisible = 0;
			defaultConfigurationName = Release;
		};
/* End XCConfigurationList section */
	};
	rootObject = 860CAD721F94838D0039CE3E /* Project object */;
}
